
Microsoft Visual Studio Solution File, Format Version 12.00
# Visual Studio Version 16
VisualStudioVersion = 16.0.29215.179
MinimumVisualStudioVersion = 10.0.40219.1
Project("{FAE04EC0-301F-11D3-BF4B-00C04F79EFBC}") = "UdemyCalculator", "UdemyCalculator\UdemyCalculator.csproj", "{BBE9399B-B130-4044-849F-DE67FF651FFF}"
EndProject
Project("{9A19103F-16F7-4668-BE54-9A1E7A4F7556}") = "Tests", "Tests\Tests.csproj", "{D144EA55-F8EF-4475-8A8F-CD15538BEEA6}"
EndProject
Project("{FAE04EC0-301F-11D3-BF4B-00C04F79EFBC}") = "DesktopContactsApp", "DesktopContactsApp\DesktopContactsApp.csproj", "{08FF021A-069E-4C23-86D9-492657D599C4}"
EndProject
Project("{FAE04EC0-301F-11D3-BF4B-00C04F79EFBC}") = "LandmarkAI", "LandmarkAI\LandmarkAI.csproj", "{42F413AF-EF36-494A-9BB8-CF19D00EC599}"
EndProject
Project("{FAE04EC0-301F-11D3-BF4B-00C04F79EFBC}") = "WeatherAppMVVM", "WeatherAppMVVM\WeatherAppMVVM.csproj", "{61A3492C-AE9D-4C51-BFE7-D95BE9357542}"
EndProject
Project("{FAE04EC0-301F-11D3-BF4B-00C04F79EFBC}") = "NotesApp", "NotesApp\NotesApp.csproj", "{A553EE86-70E0-4428-8869-A1DA76401F3E}"
EndProject
Global
	GlobalSection(SolutionConfigurationPlatforms) = preSolution
		Debug|Any CPU = Debug|Any CPU
		Release|Any CPU = Release|Any CPU
	EndGlobalSection
	GlobalSection(ProjectConfigurationPlatforms) = postSolution
		{BBE9399B-B130-4044-849F-DE67FF651FFF}.Debug|Any CPU.ActiveCfg = Debug|Any CPU
		{BBE9399B-B130-4044-849F-DE67FF651FFF}.Debug|Any CPU.Build.0 = Debug|Any CPU
		{BBE9399B-B130-4044-849F-DE67FF651FFF}.Release|Any CPU.ActiveCfg = Release|Any CPU
		{BBE9399B-B130-4044-849F-DE67FF651FFF}.Release|Any CPU.Build.0 = Release|Any CPU
		{D144EA55-F8EF-4475-8A8F-CD15538BEEA6}.Debug|Any CPU.ActiveCfg = Debug|Any CPU
		{D144EA55-F8EF-4475-8A8F-CD15538BEEA6}.Debug|Any CPU.Build.0 = Debug|Any CPU
		{D144EA55-F8EF-4475-8A8F-CD15538BEEA6}.Release|Any CPU.ActiveCfg = Release|Any CPU
		{D144EA55-F8EF-4475-8A8F-CD15538BEEA6}.Release|Any CPU.Build.0 = Release|Any CPU
		{08FF021A-069E-4C23-86D9-492657D599C4}.Debug|Any CPU.ActiveCfg = Debug|Any CPU
		{08FF021A-069E-4C23-86D9-492657D599C4}.Debug|Any CPU.Build.0 = Debug|Any CPU
		{08FF021A-069E-4C23-86D9-492657D599C4}.Release|Any CPU.ActiveCfg = Release|Any CPU
		{08FF021A-069E-4C23-86D9-492657D599C4}.Release|Any CPU.Build.0 = Release|Any CPU
		{42F413AF-EF36-494A-9BB8-CF19D00EC599}.Debug|Any CPU.ActiveCfg = Debug|Any CPU
		{42F413AF-EF36-494A-9BB8-CF19D00EC599}.Debug|Any CPU.Build.0 = Debug|Any CPU
		{42F413AF-EF36-494A-9BB8-CF19D00EC599}.Release|Any CPU.ActiveCfg = Release|Any CPU
		{42F413AF-EF36-494A-9BB8-CF19D00EC599}.Release|Any CPU.Build.0 = Release|Any CPU
		{61A3492C-AE9D-4C51-BFE7-D95BE9357542}.Debug|Any CPU.ActiveCfg = Debug|Any CPU
		{61A3492C-AE9D-4C51-BFE7-D95BE9357542}.Debug|Any CPU.Build.0 = Debug|Any CPU
		{61A3492C-AE9D-4C51-BFE7-D95BE9357542}.Release|Any CPU.ActiveCfg = Release|Any CPU
		{61A3492C-AE9D-4C51-BFE7-D95BE9357542}.Release|Any CPU.Build.0 = Release|Any CPU
		{A553EE86-70E0-4428-8869-A1DA76401F3E}.Debug|Any CPU.ActiveCfg = Debug|Any CPU
		{A553EE86-70E0-4428-8869-A1DA76401F3E}.Debug|Any CPU.Build.0 = Debug|Any CPU
		{A553EE86-70E0-4428-8869-A1DA76401F3E}.Release|Any CPU.ActiveCfg = Release|Any CPU
		{A553EE86-70E0-4428-8869-A1DA76401F3E}.Release|Any CPU.Build.0 = Release|Any CPU
	EndGlobalSection
	GlobalSection(SolutionProperties) = preSolution
		HideSolutionNode = FALSE
	EndGlobalSection
	GlobalSection(ExtensibilityGlobals) = postSolution
		SolutionGuid = {5D970C4C-C71B-4A88-951A-AF9DC670B336}
	EndGlobalSection
EndGlobal
